
Microsoft Visual Studio Solution File, Format Version 12.00
# Visual Studio 2012
Project("{FAE04EC0-301F-11D3-BF4B-00C04F79EFBC}") = "memamjome.SimpleKMeanClustering", "memamjome.SimpleKMeanClustering.csproj", "{716A2E21-03E2-4E58-ACDD-07AFE9E0E66D}"
EndProject
Project("{FAE04EC0-301F-11D3-BF4B-00C04F79EFBC}") = "ldn.DataProvider", "..\ldn.AntiSocialCorrelations\ldn.DataProvider\ldn.DataProvider.csproj", "{D7EFEE08-81C3-4202-9AC0-7185F7687B04}"
EndProject
Global
	GlobalSection(SolutionConfigurationPlatforms) = preSolution
		Debug|Any CPU = Debug|Any CPU
		Release|Any CPU = Release|Any CPU
	EndGlobalSection
	GlobalSection(ProjectConfigurationPlatforms) = postSolution
		{716A2E21-03E2-4E58-ACDD-07AFE9E0E66D}.Debug|Any CPU.ActiveCfg = Debug|Any CPU
		{716A2E21-03E2-4E58-ACDD-07AFE9E0E66D}.Debug|Any CPU.Build.0 = Debug|Any CPU
		{716A2E21-03E2-4E58-ACDD-07AFE9E0E66D}.Release|Any CPU.ActiveCfg = Release|Any CPU
		{716A2E21-03E2-4E58-ACDD-07AFE9E0E66D}.Release|Any CPU.Build.0 = Release|Any CPU
		{D7EFEE08-81C3-4202-9AC0-7185F7687B04}.Debug|Any CPU.ActiveCfg = Debug|Any CPU
		{D7EFEE08-81C3-4202-9AC0-7185F7687B04}.Debug|Any CPU.Build.0 = Debug|Any CPU
		{D7EFEE08-81C3-4202-9AC0-7185F7687B04}.Release|Any CPU.ActiveCfg = Release|Any CPU
		{D7EFEE08-81C3-4202-9AC0-7185F7687B04}.Release|Any CPU.Build.0 = Release|Any CPU
	EndGlobalSection
	GlobalSection(SolutionProperties) = preSolution
		HideSolutionNode = FALSE
	EndGlobalSection
EndGlobal
